<Solution>
  <Project Path="soupday.cc3_unity_tools.editor.csproj" />
  <Project Path="Assembly-CSharp-Editor.csproj" />
  <Project Path="Assembly-CSharp.csproj" />
  <Project Path="soupday.cc3_unity_tools.project_runtime.csproj" />
  <Project Path="soupday.cc3_unity_tools.runtime.csproj" />
</Solution>
